
Microsoft Visual Studio Solution File, Format Version 12.00
# Visual Studio 15
VisualStudioVersion = 15.0.27130.2036
MinimumVisualStudioVersion = 10.0.40219.1
Project("{FAE04EC0-301F-11D3-BF4B-00C04F79EFBC}") = "Roazhon-Fest", "Roazhon-Fest\Roazhon-Fest.csproj", "{4F279454-668F-4C97-BA2E-19707B9AA203}"
EndProject
Project("{FAE04EC0-301F-11D3-BF4B-00C04F79EFBC}") = "BO", "BO\BO.csproj", "{5C4D5F19-B497-47A0-8D26-20C17CCD8AA6}"
EndProject
Project("{FAE04EC0-301F-11D3-BF4B-00C04F79EFBC}") = "DAL", "DAL\DAL.csproj", "{BE84FAD9-60D0-4996-B709-23D4811A8BCF}"
EndProject
Global
	GlobalSection(SolutionConfigurationPlatforms) = preSolution
		Debug|Any CPU = Debug|Any CPU
		Release|Any CPU = Release|Any CPU
	EndGlobalSection
	GlobalSection(ProjectConfigurationPlatforms) = postSolution
		{4F279454-668F-4C97-BA2E-19707B9AA203}.Debug|Any CPU.ActiveCfg = Debug|Any CPU
		{4F279454-668F-4C97-BA2E-19707B9AA203}.Debug|Any CPU.Build.0 = Debug|Any CPU
		{4F279454-668F-4C97-BA2E-19707B9AA203}.Release|Any CPU.ActiveCfg = Release|Any CPU
		{4F279454-668F-4C97-BA2E-19707B9AA203}.Release|Any CPU.Build.0 = Release|Any CPU
		{5C4D5F19-B497-47A0-8D26-20C17CCD8AA6}.Debug|Any CPU.ActiveCfg = Debug|Any CPU
		{5C4D5F19-B497-47A0-8D26-20C17CCD8AA6}.Debug|Any CPU.Build.0 = Debug|Any CPU
		{5C4D5F19-B497-47A0-8D26-20C17CCD8AA6}.Release|Any CPU.ActiveCfg = Release|Any CPU
		{5C4D5F19-B497-47A0-8D26-20C17CCD8AA6}.Release|Any CPU.Build.0 = Release|Any CPU
		{BE84FAD9-60D0-4996-B709-23D4811A8BCF}.Debug|Any CPU.ActiveCfg = Debug|Any CPU
		{BE84FAD9-60D0-4996-B709-23D4811A8BCF}.Debug|Any CPU.Build.0 = Debug|Any CPU
		{BE84FAD9-60D0-4996-B709-23D4811A8BCF}.Release|Any CPU.ActiveCfg = Release|Any CPU
		{BE84FAD9-60D0-4996-B709-23D4811A8BCF}.Release|Any CPU.Build.0 = Release|Any CPU
	EndGlobalSection
	GlobalSection(SolutionProperties) = preSolution
		HideSolutionNode = FALSE
	EndGlobalSection
	GlobalSection(ExtensibilityGlobals) = postSolution
		SolutionGuid = {2D95159F-E719-4927-AC42-22F8712FA191}
	EndGlobalSection
EndGlobal
